
Microsoft Visual Studio Solution File, Format Version 12.00
# Visual Studio 15
VisualStudioVersion = 15.0.27130.2036
MinimumVisualStudioVersion = 10.0.40219.1
Project("{FAE04EC0-301F-11D3-BF4B-00C04F79EFBC}") = "BoggleServiceTests", "BoggleServiceTests\BoggleServiceTests.csproj", "{71936E2C-E15E-44DE-ABFF-B69805FAE163}"
EndProject
Project("{FAE04EC0-301F-11D3-BF4B-00C04F79EFBC}") = "MyBoggleService", "MyBoggleService\MyBoggleService.csproj", "{72E78227-D18B-4132-BF8D-B089051C607B}"
EndProject
Project("{2150E333-8FDC-42A3-9474-1A3956D46DE8}") = "NewFolder1", "NewFolder1", "{F96151E9-14FF-46F7-B373-B864E80EF87D}"
	ProjectSection(SolutionItems) = preProject
		MyBoggleService\SS.dll = MyBoggleService\SS.dll
		MyBoggleService\SS.XML = MyBoggleService\SS.XML
	EndProjectSection
EndProject
Global
	GlobalSection(SolutionConfigurationPlatforms) = preSolution
		Debug|Any CPU = Debug|Any CPU
		Release|Any CPU = Release|Any CPU
	EndGlobalSection
	GlobalSection(ProjectConfigurationPlatforms) = postSolution
		{71936E2C-E15E-44DE-ABFF-B69805FAE163}.Debug|Any CPU.ActiveCfg = Debug|Any CPU
		{71936E2C-E15E-44DE-ABFF-B69805FAE163}.Debug|Any CPU.Build.0 = Debug|Any CPU
		{71936E2C-E15E-44DE-ABFF-B69805FAE163}.Release|Any CPU.ActiveCfg = Release|Any CPU
		{71936E2C-E15E-44DE-ABFF-B69805FAE163}.Release|Any CPU.Build.0 = Release|Any CPU
		{72E78227-D18B-4132-BF8D-B089051C607B}.Debug|Any CPU.ActiveCfg = Debug|Any CPU
		{72E78227-D18B-4132-BF8D-B089051C607B}.Debug|Any CPU.Build.0 = Debug|Any CPU
		{72E78227-D18B-4132-BF8D-B089051C607B}.Release|Any CPU.ActiveCfg = Release|Any CPU
		{72E78227-D18B-4132-BF8D-B089051C607B}.Release|Any CPU.Build.0 = Release|Any CPU
	EndGlobalSection
	GlobalSection(SolutionProperties) = preSolution
		HideSolutionNode = FALSE
	EndGlobalSection
	GlobalSection(ExtensibilityGlobals) = postSolution
		SolutionGuid = {AE3FE8D9-9656-46CC-AD48-850447C6B0E4}
	EndGlobalSection
EndGlobal
